
Microsoft Visual Studio Solution File, Format Version 12.00
# Visual Studio Version 17
VisualStudioVersion = 17.4.33213.308
MinimumVisualStudioVersion = 10.0.40219.1
Project("{FAE04EC0-301F-11D3-BF4B-00C04F79EFBC}") = "Calculs_Orthologick", "Calculs_Orthologick\Calculs_Orthologick.csproj", "{6DEA5F52-173F-49BF-8754-3BC4CE37B8C3}"
EndProject
Global
	GlobalSection(SolutionConfigurationPlatforms) = preSolution
		Debug|Any CPU = Debug|Any CPU
		Release|Any CPU = Release|Any CPU
	EndGlobalSection
	GlobalSection(ProjectConfigurationPlatforms) = postSolution
		{6DEA5F52-173F-49BF-8754-3BC4CE37B8C3}.Debug|Any CPU.ActiveCfg = Debug|Any CPU
		{6DEA5F52-173F-49BF-8754-3BC4CE37B8C3}.Debug|Any CPU.Build.0 = Debug|Any CPU
		{6DEA5F52-173F-49BF-8754-3BC4CE37B8C3}.Release|Any CPU.ActiveCfg = Release|Any CPU
		{6DEA5F52-173F-49BF-8754-3BC4CE37B8C3}.Release|Any CPU.Build.0 = Release|Any CPU
	EndGlobalSection
	GlobalSection(SolutionProperties) = preSolution
		HideSolutionNode = FALSE
	EndGlobalSection
	GlobalSection(ExtensibilityGlobals) = postSolution
		SolutionGuid = {825555A3-8863-4503-8829-E95FF35C9DB9}
	EndGlobalSection
EndGlobal
